
Microsoft Visual Studio Solution File, Format Version 12.00
# Visual Studio Version 17
VisualStudioVersion = 17.13.35931.197 d17.13
MinimumVisualStudioVersion = 10.0.40219.1
Project("{FAE04EC0-301F-11D3-BF4B-00C04F79EFBC}") = "modul5_2311104053", "modul5_2311104053\modul5_2311104053.csproj", "{73559558-532B-49E9-BD09-5A1D83D5A9F3}"
EndProject
Global
	GlobalSection(SolutionConfigurationPlatforms) = preSolution
		Debug|Any CPU = Debug|Any CPU
		Release|Any CPU = Release|Any CPU
	EndGlobalSection
	GlobalSection(ProjectConfigurationPlatforms) = postSolution
		{73559558-532B-49E9-BD09-5A1D83D5A9F3}.Debug|Any CPU.ActiveCfg = Debug|Any CPU
		{73559558-532B-49E9-BD09-5A1D83D5A9F3}.Debug|Any CPU.Build.0 = Debug|Any CPU
		{73559558-532B-49E9-BD09-5A1D83D5A9F3}.Release|Any CPU.ActiveCfg = Release|Any CPU
		{73559558-532B-49E9-BD09-5A1D83D5A9F3}.Release|Any CPU.Build.0 = Release|Any CPU
	EndGlobalSection
	GlobalSection(SolutionProperties) = preSolution
		HideSolutionNode = FALSE
	EndGlobalSection
	GlobalSection(ExtensibilityGlobals) = postSolution
		SolutionGuid = {C475F93A-FDC5-4541-B194-861EA4E4C767}
	EndGlobalSection
EndGlobal
