
Microsoft Visual Studio Solution File, Format Version 12.00
# Visual Studio Version 17
VisualStudioVersion = 17.13.35931.197 d17.13
MinimumVisualStudioVersion = 10.0.40219.1
Project("{FAE04EC0-301F-11D3-BF4B-00C04F79EFBC}") = "tpmodul9_2311104053", "tpmodul9_2311104053\tpmodul9_2311104053.csproj", "{3D1397A6-8EA9-477E-B6CE-226FC22D0C03}"
EndProject
Global
	GlobalSection(SolutionConfigurationPlatforms) = preSolution
		Debug|Any CPU = Debug|Any CPU
		Release|Any CPU = Release|Any CPU
	EndGlobalSection
	GlobalSection(ProjectConfigurationPlatforms) = postSolution
		{3D1397A6-8EA9-477E-B6CE-226FC22D0C03}.Debug|Any CPU.ActiveCfg = Debug|Any CPU
		{3D1397A6-8EA9-477E-B6CE-226FC22D0C03}.Debug|Any CPU.Build.0 = Debug|Any CPU
		{3D1397A6-8EA9-477E-B6CE-226FC22D0C03}.Release|Any CPU.ActiveCfg = Release|Any CPU
		{3D1397A6-8EA9-477E-B6CE-226FC22D0C03}.Release|Any CPU.Build.0 = Release|Any CPU
	EndGlobalSection
	GlobalSection(SolutionProperties) = preSolution
		HideSolutionNode = FALSE
	EndGlobalSection
	GlobalSection(ExtensibilityGlobals) = postSolution
		SolutionGuid = {F8D6DF13-396A-4CCB-9B23-B1DF34D13F57}
	EndGlobalSection
EndGlobal
