
Microsoft Visual Studio Solution File, Format Version 12.00
# Visual Studio Version 17
VisualStudioVersion = 17.13.35931.197 d17.13
MinimumVisualStudioVersion = 10.0.40219.1
Project("{FAE04EC0-301F-11D3-BF4B-00C04F79EFBC}") = "tpmodul8_2311104053", "tpmodul8_2311104053\tpmodul8_2311104053.csproj", "{CBCE815B-6C5F-4147-B142-FC3EFB56977A}"
EndProject
Global
	GlobalSection(SolutionConfigurationPlatforms) = preSolution
		Debug|Any CPU = Debug|Any CPU
		Release|Any CPU = Release|Any CPU
	EndGlobalSection
	GlobalSection(ProjectConfigurationPlatforms) = postSolution
		{CBCE815B-6C5F-4147-B142-FC3EFB56977A}.Debug|Any CPU.ActiveCfg = Debug|Any CPU
		{CBCE815B-6C5F-4147-B142-FC3EFB56977A}.Debug|Any CPU.Build.0 = Debug|Any CPU
		{CBCE815B-6C5F-4147-B142-FC3EFB56977A}.Release|Any CPU.ActiveCfg = Release|Any CPU
		{CBCE815B-6C5F-4147-B142-FC3EFB56977A}.Release|Any CPU.Build.0 = Release|Any CPU
	EndGlobalSection
	GlobalSection(SolutionProperties) = preSolution
		HideSolutionNode = FALSE
	EndGlobalSection
	GlobalSection(ExtensibilityGlobals) = postSolution
		SolutionGuid = {A29BD2F6-1931-452F-8F45-5051A1723321}
	EndGlobalSection
EndGlobal
