
Microsoft Visual Studio Solution File, Format Version 12.00
# Visual Studio Version 17
VisualStudioVersion = 17.13.35931.197 d17.13
MinimumVisualStudioVersion = 10.0.40219.1
Project("{FAE04EC0-301F-11D3-BF4B-00C04F79EFBC}") = "MatematikaLibraries", "MatematikaLibraries\MatematikaLibraries.csproj", "{7E125E61-F5EE-493E-821D-03F8624C7512}"
EndProject
Project("{FAE04EC0-301F-11D3-BF4B-00C04F79EFBC}") = "ConsoleAppMatematika", "ConsoleAppMatematika\ConsoleAppMatematika.csproj", "{2E923AA7-EF51-4782-8182-071F6097B5B5}"
EndProject
Global
	GlobalSection(SolutionConfigurationPlatforms) = preSolution
		Debug|Any CPU = Debug|Any CPU
		Release|Any CPU = Release|Any CPU
	EndGlobalSection
	GlobalSection(ProjectConfigurationPlatforms) = postSolution
		{7E125E61-F5EE-493E-821D-03F8624C7512}.Debug|Any CPU.ActiveCfg = Debug|Any CPU
		{7E125E61-F5EE-493E-821D-03F8624C7512}.Debug|Any CPU.Build.0 = Debug|Any CPU
		{7E125E61-F5EE-493E-821D-03F8624C7512}.Release|Any CPU.ActiveCfg = Release|Any CPU
		{7E125E61-F5EE-493E-821D-03F8624C7512}.Release|Any CPU.Build.0 = Release|Any CPU
		{2E923AA7-EF51-4782-8182-071F6097B5B5}.Debug|Any CPU.ActiveCfg = Debug|Any CPU
		{2E923AA7-EF51-4782-8182-071F6097B5B5}.Debug|Any CPU.Build.0 = Debug|Any CPU
		{2E923AA7-EF51-4782-8182-071F6097B5B5}.Release|Any CPU.ActiveCfg = Release|Any CPU
		{2E923AA7-EF51-4782-8182-071F6097B5B5}.Release|Any CPU.Build.0 = Release|Any CPU
	EndGlobalSection
	GlobalSection(SolutionProperties) = preSolution
		HideSolutionNode = FALSE
	EndGlobalSection
	GlobalSection(ExtensibilityGlobals) = postSolution
		SolutionGuid = {CB333C3A-0399-4EB8-94C7-4A8DF363ACA6}
	EndGlobalSection
EndGlobal
