
Microsoft Visual Studio Solution File, Format Version 12.00
# Visual Studio Version 17
VisualStudioVersion = 17.13.35806.99 d17.13
MinimumVisualStudioVersion = 10.0.40219.1
Project("{FAE04EC0-301F-11D3-BF4B-00C04F79EFBC}") = "modul4_2311104053", "modul4_2311104053\modul4_2311104053.csproj", "{842D0A0E-B43B-4742-B87B-1E2A22E8453D}"
EndProject
Global
	GlobalSection(SolutionConfigurationPlatforms) = preSolution
		Debug|Any CPU = Debug|Any CPU
		Release|Any CPU = Release|Any CPU
	EndGlobalSection
	GlobalSection(ProjectConfigurationPlatforms) = postSolution
		{842D0A0E-B43B-4742-B87B-1E2A22E8453D}.Debug|Any CPU.ActiveCfg = Debug|Any CPU
		{842D0A0E-B43B-4742-B87B-1E2A22E8453D}.Debug|Any CPU.Build.0 = Debug|Any CPU
		{842D0A0E-B43B-4742-B87B-1E2A22E8453D}.Release|Any CPU.ActiveCfg = Release|Any CPU
		{842D0A0E-B43B-4742-B87B-1E2A22E8453D}.Release|Any CPU.Build.0 = Release|Any CPU
	EndGlobalSection
	GlobalSection(SolutionProperties) = preSolution
		HideSolutionNode = FALSE
	EndGlobalSection
	GlobalSection(ExtensibilityGlobals) = postSolution
		SolutionGuid = {16BCCA03-11C3-4A49-81A3-823D2BF67133}
	EndGlobalSection
EndGlobal
